
Microsoft Visual Studio Solution File, Format Version 12.00
# Visual Studio Version 17
VisualStudioVersion = 17.0.31903.59
MinimumVisualStudioVersion = 10.0.40219.1
Project("{2150E333-8FDC-42A3-9474-1A3956D46DE8}") = "src", "src", "{827E0CD3-B72D-47B6-A68D-7590B98EB39B}"
EndProject
Project("{FAE04EC0-301F-11D3-BF4B-00C04F79EFBC}") = "PackagingTools.Core", "src\PackagingTools.Core\PackagingTools.Core.csproj", "{914AED11-8B1D-4133-8971-E0D70148EE6D}"
EndProject
Project("{FAE04EC0-301F-11D3-BF4B-00C04F79EFBC}") = "PackagingTools.Core.Windows", "src\PackagingTools.Core.Windows\PackagingTools.Core.Windows.csproj", "{E6C19A09-B2D4-4D87-A262-1F8F5837376A}"
EndProject
Project("{FAE04EC0-301F-11D3-BF4B-00C04F79EFBC}") = "PackagingTools.Core.Mac", "src\PackagingTools.Core.Mac\PackagingTools.Core.Mac.csproj", "{489D80DE-3372-48CD-9355-22D7140A50AF}"
EndProject
Project("{FAE04EC0-301F-11D3-BF4B-00C04F79EFBC}") = "PackagingTools.Core.Linux", "src\PackagingTools.Core.Linux\PackagingTools.Core.Linux.csproj", "{1AED1AF2-2791-498E-A5AD-0D2639564235}"
EndProject
Project("{2150E333-8FDC-42A3-9474-1A3956D46DE8}") = "tests", "tests", "{0AB3BF05-4346-4AA6-1389-037BE0695223}"
EndProject
Project("{FAE04EC0-301F-11D3-BF4B-00C04F79EFBC}") = "PackagingTools.IntegrationTests", "tests\PackagingTools.IntegrationTests\PackagingTools.IntegrationTests.csproj", "{BCB1ED50-C594-48A2-A531-D97FCEF6EDBD}"
EndProject
Project("{FAE04EC0-301F-11D3-BF4B-00C04F79EFBC}") = "PackagingTools.Cli", "src\PackagingTools.Cli\PackagingTools.Cli.csproj", "{02367798-04A2-44C9-82FA-BD9E4F3B3E7E}"
EndProject
Project("{FAE04EC0-301F-11D3-BF4B-00C04F79EFBC}") = "PackagingTools.App", "src\PackagingTools.App\PackagingTools.App.csproj", "{BCB1A5AC-D719-49A0-B54A-2CDC3F9491F7}"
EndProject
Project("{FAE04EC0-301F-11D3-BF4B-00C04F79EFBC}") = "PackagingTools.Sdk", "src\PackagingTools.Sdk\PackagingTools.Sdk.csproj", "{A391A204-FA84-43C6-9496-3088A0165D0E}"
EndProject
Project("{FAE04EC0-301F-11D3-BF4B-00C04F79EFBC}") = "PackagingTools.Plugins", "src\PackagingTools.Plugins\PackagingTools.Plugins.csproj", "{10690265-45F0-415D-A058-8EAA6D2F8029}"
EndProject
Global
	GlobalSection(SolutionConfigurationPlatforms) = preSolution
		Debug|Any CPU = Debug|Any CPU
		Debug|x64 = Debug|x64
		Debug|x86 = Debug|x86
		Release|Any CPU = Release|Any CPU
		Release|x64 = Release|x64
		Release|x86 = Release|x86
	EndGlobalSection
	GlobalSection(ProjectConfigurationPlatforms) = postSolution
		{914AED11-8B1D-4133-8971-E0D70148EE6D}.Debug|Any CPU.ActiveCfg = Debug|Any CPU
		{914AED11-8B1D-4133-8971-E0D70148EE6D}.Debug|Any CPU.Build.0 = Debug|Any CPU
		{914AED11-8B1D-4133-8971-E0D70148EE6D}.Debug|x64.ActiveCfg = Debug|Any CPU
		{914AED11-8B1D-4133-8971-E0D70148EE6D}.Debug|x64.Build.0 = Debug|Any CPU
		{914AED11-8B1D-4133-8971-E0D70148EE6D}.Debug|x86.ActiveCfg = Debug|Any CPU
		{914AED11-8B1D-4133-8971-E0D70148EE6D}.Debug|x86.Build.0 = Debug|Any CPU
		{914AED11-8B1D-4133-8971-E0D70148EE6D}.Release|Any CPU.ActiveCfg = Release|Any CPU
		{914AED11-8B1D-4133-8971-E0D70148EE6D}.Release|Any CPU.Build.0 = Release|Any CPU
		{914AED11-8B1D-4133-8971-E0D70148EE6D}.Release|x64.ActiveCfg = Release|Any CPU
		{914AED11-8B1D-4133-8971-E0D70148EE6D}.Release|x64.Build.0 = Release|Any CPU
		{914AED11-8B1D-4133-8971-E0D70148EE6D}.Release|x86.ActiveCfg = Release|Any CPU
		{914AED11-8B1D-4133-8971-E0D70148EE6D}.Release|x86.Build.0 = Release|Any CPU
		{E6C19A09-B2D4-4D87-A262-1F8F5837376A}.Debug|Any CPU.ActiveCfg = Debug|Any CPU
		{E6C19A09-B2D4-4D87-A262-1F8F5837376A}.Debug|Any CPU.Build.0 = Debug|Any CPU
		{E6C19A09-B2D4-4D87-A262-1F8F5837376A}.Debug|x64.ActiveCfg = Debug|Any CPU
		{E6C19A09-B2D4-4D87-A262-1F8F5837376A}.Debug|x64.Build.0 = Debug|Any CPU
		{E6C19A09-B2D4-4D87-A262-1F8F5837376A}.Debug|x86.ActiveCfg = Debug|Any CPU
		{E6C19A09-B2D4-4D87-A262-1F8F5837376A}.Debug|x86.Build.0 = Debug|Any CPU
		{E6C19A09-B2D4-4D87-A262-1F8F5837376A}.Release|Any CPU.ActiveCfg = Release|Any CPU
		{E6C19A09-B2D4-4D87-A262-1F8F5837376A}.Release|Any CPU.Build.0 = Release|Any CPU
		{E6C19A09-B2D4-4D87-A262-1F8F5837376A}.Release|x64.ActiveCfg = Release|Any CPU
		{E6C19A09-B2D4-4D87-A262-1F8F5837376A}.Release|x64.Build.0 = Release|Any CPU
		{E6C19A09-B2D4-4D87-A262-1F8F5837376A}.Release|x86.ActiveCfg = Release|Any CPU
		{E6C19A09-B2D4-4D87-A262-1F8F5837376A}.Release|x86.Build.0 = Release|Any CPU
		{489D80DE-3372-48CD-9355-22D7140A50AF}.Debug|Any CPU.ActiveCfg = Debug|Any CPU
		{489D80DE-3372-48CD-9355-22D7140A50AF}.Debug|Any CPU.Build.0 = Debug|Any CPU
		{489D80DE-3372-48CD-9355-22D7140A50AF}.Debug|x64.ActiveCfg = Debug|Any CPU
		{489D80DE-3372-48CD-9355-22D7140A50AF}.Debug|x64.Build.0 = Debug|Any CPU
		{489D80DE-3372-48CD-9355-22D7140A50AF}.Debug|x86.ActiveCfg = Debug|Any CPU
		{489D80DE-3372-48CD-9355-22D7140A50AF}.Debug|x86.Build.0 = Debug|Any CPU
		{489D80DE-3372-48CD-9355-22D7140A50AF}.Release|Any CPU.ActiveCfg = Release|Any CPU
		{489D80DE-3372-48CD-9355-22D7140A50AF}.Release|Any CPU.Build.0 = Release|Any CPU
		{489D80DE-3372-48CD-9355-22D7140A50AF}.Release|x64.ActiveCfg = Release|Any CPU
		{489D80DE-3372-48CD-9355-22D7140A50AF}.Release|x64.Build.0 = Release|Any CPU
		{489D80DE-3372-48CD-9355-22D7140A50AF}.Release|x86.ActiveCfg = Release|Any CPU
		{489D80DE-3372-48CD-9355-22D7140A50AF}.Release|x86.Build.0 = Release|Any CPU
		{1AED1AF2-2791-498E-A5AD-0D2639564235}.Debug|Any CPU.ActiveCfg = Debug|Any CPU
		{1AED1AF2-2791-498E-A5AD-0D2639564235}.Debug|Any CPU.Build.0 = Debug|Any CPU
		{1AED1AF2-2791-498E-A5AD-0D2639564235}.Debug|x64.ActiveCfg = Debug|Any CPU
		{1AED1AF2-2791-498E-A5AD-0D2639564235}.Debug|x64.Build.0 = Debug|Any CPU
		{1AED1AF2-2791-498E-A5AD-0D2639564235}.Debug|x86.ActiveCfg = Debug|Any CPU
		{1AED1AF2-2791-498E-A5AD-0D2639564235}.Debug|x86.Build.0 = Debug|Any CPU
		{1AED1AF2-2791-498E-A5AD-0D2639564235}.Release|Any CPU.ActiveCfg = Release|Any CPU
		{1AED1AF2-2791-498E-A5AD-0D2639564235}.Release|Any CPU.Build.0 = Release|Any CPU
		{1AED1AF2-2791-498E-A5AD-0D2639564235}.Release|x64.ActiveCfg = Release|Any CPU
		{1AED1AF2-2791-498E-A5AD-0D2639564235}.Release|x64.Build.0 = Release|Any CPU
		{1AED1AF2-2791-498E-A5AD-0D2639564235}.Release|x86.ActiveCfg = Release|Any CPU
		{1AED1AF2-2791-498E-A5AD-0D2639564235}.Release|x86.Build.0 = Release|Any CPU
		{BCB1ED50-C594-48A2-A531-D97FCEF6EDBD}.Debug|Any CPU.ActiveCfg = Debug|Any CPU
		{BCB1ED50-C594-48A2-A531-D97FCEF6EDBD}.Debug|Any CPU.Build.0 = Debug|Any CPU
		{BCB1ED50-C594-48A2-A531-D97FCEF6EDBD}.Debug|x64.ActiveCfg = Debug|Any CPU
		{BCB1ED50-C594-48A2-A531-D97FCEF6EDBD}.Debug|x64.Build.0 = Debug|Any CPU
		{BCB1ED50-C594-48A2-A531-D97FCEF6EDBD}.Debug|x86.ActiveCfg = Debug|Any CPU
		{BCB1ED50-C594-48A2-A531-D97FCEF6EDBD}.Debug|x86.Build.0 = Debug|Any CPU
		{BCB1ED50-C594-48A2-A531-D97FCEF6EDBD}.Release|Any CPU.ActiveCfg = Release|Any CPU
		{BCB1ED50-C594-48A2-A531-D97FCEF6EDBD}.Release|Any CPU.Build.0 = Release|Any CPU
		{BCB1ED50-C594-48A2-A531-D97FCEF6EDBD}.Release|x64.ActiveCfg = Release|Any CPU
		{BCB1ED50-C594-48A2-A531-D97FCEF6EDBD}.Release|x64.Build.0 = Release|Any CPU
		{BCB1ED50-C594-48A2-A531-D97FCEF6EDBD}.Release|x86.ActiveCfg = Release|Any CPU
		{BCB1ED50-C594-48A2-A531-D97FCEF6EDBD}.Release|x86.Build.0 = Release|Any CPU
		{02367798-04A2-44C9-82FA-BD9E4F3B3E7E}.Debug|Any CPU.ActiveCfg = Debug|Any CPU
		{02367798-04A2-44C9-82FA-BD9E4F3B3E7E}.Debug|Any CPU.Build.0 = Debug|Any CPU
		{02367798-04A2-44C9-82FA-BD9E4F3B3E7E}.Debug|x64.ActiveCfg = Debug|Any CPU
		{02367798-04A2-44C9-82FA-BD9E4F3B3E7E}.Debug|x64.Build.0 = Debug|Any CPU
		{02367798-04A2-44C9-82FA-BD9E4F3B3E7E}.Debug|x86.ActiveCfg = Debug|Any CPU
		{02367798-04A2-44C9-82FA-BD9E4F3B3E7E}.Debug|x86.Build.0 = Debug|Any CPU
		{02367798-04A2-44C9-82FA-BD9E4F3B3E7E}.Release|Any CPU.ActiveCfg = Release|Any CPU
		{02367798-04A2-44C9-82FA-BD9E4F3B3E7E}.Release|Any CPU.Build.0 = Release|Any CPU
		{02367798-04A2-44C9-82FA-BD9E4F3B3E7E}.Release|x64.ActiveCfg = Release|Any CPU
		{02367798-04A2-44C9-82FA-BD9E4F3B3E7E}.Release|x64.Build.0 = Release|Any CPU
		{02367798-04A2-44C9-82FA-BD9E4F3B3E7E}.Release|x86.ActiveCfg = Release|Any CPU
		{02367798-04A2-44C9-82FA-BD9E4F3B3E7E}.Release|x86.Build.0 = Release|Any CPU
		{BCB1A5AC-D719-49A0-B54A-2CDC3F9491F7}.Debug|Any CPU.ActiveCfg = Debug|Any CPU
		{BCB1A5AC-D719-49A0-B54A-2CDC3F9491F7}.Debug|Any CPU.Build.0 = Debug|Any CPU
		{BCB1A5AC-D719-49A0-B54A-2CDC3F9491F7}.Debug|x64.ActiveCfg = Debug|Any CPU
		{BCB1A5AC-D719-49A0-B54A-2CDC3F9491F7}.Debug|x64.Build.0 = Debug|Any CPU
		{BCB1A5AC-D719-49A0-B54A-2CDC3F9491F7}.Debug|x86.ActiveCfg = Debug|Any CPU
		{BCB1A5AC-D719-49A0-B54A-2CDC3F9491F7}.Debug|x86.Build.0 = Debug|Any CPU
		{BCB1A5AC-D719-49A0-B54A-2CDC3F9491F7}.Release|Any CPU.ActiveCfg = Release|Any CPU
		{BCB1A5AC-D719-49A0-B54A-2CDC3F9491F7}.Release|Any CPU.Build.0 = Release|Any CPU
		{BCB1A5AC-D719-49A0-B54A-2CDC3F9491F7}.Release|x64.ActiveCfg = Release|Any CPU
		{BCB1A5AC-D719-49A0-B54A-2CDC3F9491F7}.Release|x64.Build.0 = Release|Any CPU
		{BCB1A5AC-D719-49A0-B54A-2CDC3F9491F7}.Release|x86.ActiveCfg = Release|Any CPU
		{BCB1A5AC-D719-49A0-B54A-2CDC3F9491F7}.Release|x86.Build.0 = Release|Any CPU
		{A391A204-FA84-43C6-9496-3088A0165D0E}.Debug|Any CPU.ActiveCfg = Debug|Any CPU
		{A391A204-FA84-43C6-9496-3088A0165D0E}.Debug|Any CPU.Build.0 = Debug|Any CPU
		{A391A204-FA84-43C6-9496-3088A0165D0E}.Debug|x64.ActiveCfg = Debug|Any CPU
		{A391A204-FA84-43C6-9496-3088A0165D0E}.Debug|x64.Build.0 = Debug|Any CPU
		{A391A204-FA84-43C6-9496-3088A0165D0E}.Debug|x86.ActiveCfg = Debug|Any CPU
		{A391A204-FA84-43C6-9496-3088A0165D0E}.Debug|x86.Build.0 = Debug|Any CPU
		{A391A204-FA84-43C6-9496-3088A0165D0E}.Release|Any CPU.ActiveCfg = Release|Any CPU
		{A391A204-FA84-43C6-9496-3088A0165D0E}.Release|Any CPU.Build.0 = Release|Any CPU
		{A391A204-FA84-43C6-9496-3088A0165D0E}.Release|x64.ActiveCfg = Release|Any CPU
		{A391A204-FA84-43C6-9496-3088A0165D0E}.Release|x64.Build.0 = Release|Any CPU
		{A391A204-FA84-43C6-9496-3088A0165D0E}.Release|x86.ActiveCfg = Release|Any CPU
		{A391A204-FA84-43C6-9496-3088A0165D0E}.Release|x86.Build.0 = Release|Any CPU
		{10690265-45F0-415D-A058-8EAA6D2F8029}.Debug|Any CPU.ActiveCfg = Debug|Any CPU
		{10690265-45F0-415D-A058-8EAA6D2F8029}.Debug|Any CPU.Build.0 = Debug|Any CPU
		{10690265-45F0-415D-A058-8EAA6D2F8029}.Debug|x64.ActiveCfg = Debug|Any CPU
		{10690265-45F0-415D-A058-8EAA6D2F8029}.Debug|x64.Build.0 = Debug|Any CPU
		{10690265-45F0-415D-A058-8EAA6D2F8029}.Debug|x86.ActiveCfg = Debug|Any CPU
		{10690265-45F0-415D-A058-8EAA6D2F8029}.Debug|x86.Build.0 = Debug|Any CPU
		{10690265-45F0-415D-A058-8EAA6D2F8029}.Release|Any CPU.ActiveCfg = Release|Any CPU
		{10690265-45F0-415D-A058-8EAA6D2F8029}.Release|Any CPU.Build.0 = Release|Any CPU
		{10690265-45F0-415D-A058-8EAA6D2F8029}.Release|x64.ActiveCfg = Release|Any CPU
		{10690265-45F0-415D-A058-8EAA6D2F8029}.Release|x64.Build.0 = Release|Any CPU
		{10690265-45F0-415D-A058-8EAA6D2F8029}.Release|x86.ActiveCfg = Release|Any CPU
		{10690265-45F0-415D-A058-8EAA6D2F8029}.Release|x86.Build.0 = Release|Any CPU
	EndGlobalSection
	GlobalSection(SolutionProperties) = preSolution
		HideSolutionNode = FALSE
	EndGlobalSection
	GlobalSection(NestedProjects) = preSolution
		{914AED11-8B1D-4133-8971-E0D70148EE6D} = {827E0CD3-B72D-47B6-A68D-7590B98EB39B}
		{E6C19A09-B2D4-4D87-A262-1F8F5837376A} = {827E0CD3-B72D-47B6-A68D-7590B98EB39B}
		{489D80DE-3372-48CD-9355-22D7140A50AF} = {827E0CD3-B72D-47B6-A68D-7590B98EB39B}
		{1AED1AF2-2791-498E-A5AD-0D2639564235} = {827E0CD3-B72D-47B6-A68D-7590B98EB39B}
		{BCB1ED50-C594-48A2-A531-D97FCEF6EDBD} = {0AB3BF05-4346-4AA6-1389-037BE0695223}
		{02367798-04A2-44C9-82FA-BD9E4F3B3E7E} = {827E0CD3-B72D-47B6-A68D-7590B98EB39B}
		{BCB1A5AC-D719-49A0-B54A-2CDC3F9491F7} = {827E0CD3-B72D-47B6-A68D-7590B98EB39B}
		{A391A204-FA84-43C6-9496-3088A0165D0E} = {827E0CD3-B72D-47B6-A68D-7590B98EB39B}
		{10690265-45F0-415D-A058-8EAA6D2F8029} = {827E0CD3-B72D-47B6-A68D-7590B98EB39B}
	EndGlobalSection
EndGlobal
